<?xml version="1.0" encoding="utf-8"?>
<Project ToolsVersion="4.0" xmlns="http://schemas.microsoft.com/developer/msbuild/2003">
  <ItemGroup>
    <Filter Include="Form Files">
      <UniqueIdentifier>{99349809-55BA-4b9d-BF79-8FDBB0286EB3}</UniqueIdentifier>
      <Extensions>ui</Extensions>
      <ParseFiles>false</ParseFiles>
    </Filter>
    <Filter Include="Form Files">
      <UniqueIdentifier>{99349809-55BA-4b9d-BF79-8FDBB0286EB3}</UniqueIdentifier>
      <Extensions>ui</Extensions>
      <ParseFiles>false</ParseFiles>
    </Filter>
    <Filter Include="Generated Files">
      <UniqueIdentifier>{71ED8ED8-ACB9-4CE9-BBE1-E00B30144E11}</UniqueIdentifier>
      <Extensions>cpp;c;cxx;moc;h;def;odl;idl;res;</Extensions>
    </Filter>
    <Filter Include="Generated Files">
      <UniqueIdentifier>{71ED8ED8-ACB9-4CE9-BBE1-E00B30144E11}</UniqueIdentifier>
      <Extensions>cpp;c;cxx;moc;h;def;odl;idl;res;</Extensions>
    </Filter>
    <Filter Include="Header Files">
      <UniqueIdentifier>{93995380-89BD-4b04-88EB-625FBE52EBFB}</UniqueIdentifier>
      <Extensions>h;hpp;hxx;hm;inl;inc;xsd</Extensions>
    </Filter>
    <Filter Include="Header Files">
      <UniqueIdentifier>{93995380-89BD-4b04-88EB-625FBE52EBFB}</UniqueIdentifier>
      <Extensions>h;hpp;hxx;hm;inl;inc;xsd</Extensions>
    </Filter>
    <Filter Include="Resource Files">
      <UniqueIdentifier>{D9D6E242-F8AF-46E4-B9FD-80ECBC20BA3E}</UniqueIdentifier>
      <Extensions>qrc;*</Extensions>
      <ParseFiles>false</ParseFiles>
    </Filter>
    <Filter Include="Resource Files">
      <UniqueIdentifier>{D9D6E242-F8AF-46E4-B9FD-80ECBC20BA3E}</UniqueIdentifier>
      <Extensions>qrc;*</Extensions>
      <ParseFiles>false</ParseFiles>
    </Filter>
    <Filter Include="Source Files">
      <UniqueIdentifier>{4FC737F1-C7A5-4376-A066-2A32D752A2FF}</UniqueIdentifier>
      <Extensions>cpp;c;cxx;def;odl;idl;hpj;bat;asm;asmx</Extensions>
    </Filter>
    <Filter Include="Source Files">
      <UniqueIdentifier>{4FC737F1-C7A5-4376-A066-2A32D752A2FF}</UniqueIdentifier>
      <Extensions>cpp;c;cxx;def;odl;idl;hpj;bat;asm;asmx</Extensions>
    </Filter>
    <Filter Include="Translation Files">
      <UniqueIdentifier>{639EADAA-A684-42e4-A9AD-28FC9BCB8F7C}</UniqueIdentifier>
      <Extensions>ts;xlf</Extensions>
      <ParseFiles>false</ParseFiles>
    </Filter>
    <Filter Include="Translation Files">
      <UniqueIdentifier>{639EADAA-A684-42e4-A9AD-28FC9BCB8F7C}</UniqueIdentifier>
      <Extensions>ts;xlf</Extensions>
      <ParseFiles>false</ParseFiles>
    </Filter>
    <Filter Include="Distribution Files">
      <UniqueIdentifier>{B83CAF91-C7BF-462F-B76C-EA11631F866C}</UniqueIdentifier>
      <Extensions>*</Extensions>
      <ParseFiles>false</ParseFiles>
    </Filter>
    <Filter Include="Distribution Files">
      <UniqueIdentifier>{B83CAF91-C7BF-462F-B76C-EA11631F866C}</UniqueIdentifier>
      <Extensions>*</Extensions>
      <ParseFiles>false</ParseFiles>
    </Filter>
    <Filter Include="Generated Files\Debug">
      <UniqueIdentifier>{ac668db3-2109-4d0d-b0d0-12c2bc0a19aa}</UniqueIdentifier>
      <Extensions>cpp;moc</Extensions>
      <SourceControlFiles>False</SourceControlFiles>
    </Filter>
    <Filter Include="Generated Files\Release">
      <UniqueIdentifier>{9f2297f6-b678-42e7-bda0-40ecff57b17d}</UniqueIdentifier>
      <Extensions>cpp;moc</Extensions>
      <SourceControlFiles>False</SourceControlFiles>
    </Filter>
  </ItemGroup>
  <ItemGroup>
    <ClCompile Include="Label.cpp">
      <Filter>Source Files</Filter>
    </ClCompile>
    <ClCompile Include="LineEdit.cpp">
      <Filter>Source Files</Filter>
    </ClCompile>
    <ClCompile Include="Polygon.cpp">
      <Filter>Source Files</Filter>
    </ClCompile>
    <ClCompile Include="Polyline.cpp">
      <Filter>Source Files</Filter>
    </ClCompile>
    <ClCompile Include="abstractaction.cpp">
      <Filter>Source Files</Filter>
    </ClCompile>
    <ClCompile Include="abstractinstrument.cpp">
      <Filter>Source Files</Filter>
    </ClCompile>
    <ClCompile Include="abstractshape.cpp">
      <Filter>Source Files</Filter>
    </ClCompile>
    <ClCompile Include="addaction.cpp">
      <Filter>Source Files</Filter>
    </ClCompile>
    <ClCompile Include="bottomaction.cpp">
      <Filter>Source Files</Filter>
    </ClCompile>
    <ClCompile Include="circle.cpp">
      <Filter>Source Files</Filter>
    </ClCompile>
    <ClCompile Include="closecurve.cpp">
      <Filter>Source Files</Filter>
    </ClCompile>
    <ClCompile Include="codeeditdlg.cpp">
      <Filter>Source Files</Filter>
    </ClCompile>
    <ClCompile Include="combineaction.cpp">
      <Filter>Source Files</Filter>
    </ClCompile>
    <ClCompile Include="combo.cpp">
      <Filter>Source Files</Filter>
    </ClCompile>
    <ClCompile Include="curve.cpp">
      <Filter>Source Files</Filter>
    </ClCompile>
    <ClCompile Include="curvelineinstrument.cpp">
      <Filter>Source Files</Filter>
    </ClCompile>
    <ClCompile Include="deleteaction.cpp">
      <Filter>Source Files</Filter>
    </ClCompile>
    <ClCompile Include="divideaction.cpp">
      <Filter>Source Files</Filter>
    </ClCompile>
    <ClCompile Include="drawareawidget.cpp">
      <Filter>Source Files</Filter>
    </ClCompile>
    <ClCompile Include="editaction.cpp">
      <Filter>Source Files</Filter>
    </ClCompile>
    <ClCompile Include="edittextdialog.cpp">
      <Filter>Source Files</Filter>
    </ClCompile>
    <ClCompile Include="ellipse.cpp">
      <Filter>Source Files</Filter>
    </ClCompile>
    <ClCompile Include="facetool.cpp">
      <Filter>Source Files</Filter>
    </ClCompile>
    <ClCompile Include="generalshape.cpp">
      <Filter>Source Files</Filter>
    </ClCompile>
    <ClCompile Include="gettextdialog.cpp">
      <Filter>Source Files</Filter>
    </ClCompile>
    <ClCompile Include="hlineedit.cpp">
      <Filter>Source Files</Filter>
    </ClCompile>
    <ClCompile Include="main.cpp">
      <Filter>Source Files</Filter>
    </ClCompile>
    <ClCompile Include="mainwindow.cpp">
      <Filter>Source Files</Filter>
    </ClCompile>
    <ClCompile Include="mycolordialog.cpp">
      <Filter>Source Files</Filter>
    </ClCompile>
    <ClCompile Include="myfontdialog.cpp">
      <Filter>Source Files</Filter>
    </ClCompile>
    <ClCompile Include="mymath.cpp">
      <Filter>Source Files</Filter>
    </ClCompile>
    <ClCompile Include="rect.cpp">
      <Filter>Source Files</Filter>
    </ClCompile>
    <ClCompile Include="ruler.cpp">
      <Filter>Source Files</Filter>
    </ClCompile>
    <ClCompile Include="scroll.cpp">
      <Filter>Source Files</Filter>
    </ClCompile>
    <ClCompile Include="setbrushaction.cpp">
      <Filter>Source Files</Filter>
    </ClCompile>
    <ClCompile Include="setpenaction.cpp">
      <Filter>Source Files</Filter>
    </ClCompile>
    <ClCompile Include="slightmoveaction.cpp">
      <Filter>Source Files</Filter>
    </ClCompile>
    <ClCompile Include="tabwidget.cpp">
      <Filter>Source Files</Filter>
    </ClCompile>
    <ClCompile Include="text.cpp">
      <Filter>Source Files</Filter>
    </ClCompile>
    <ClCompile Include="texteditaction.cpp">
      <Filter>Source Files</Filter>
    </ClCompile>
    <ClCompile Include="tool.cpp">
      <Filter>Source Files</Filter>
    </ClCompile>
    <ClCompile Include="topaction.cpp">
      <Filter>Source Files</Filter>
    </ClCompile>
    <ClCompile Include="Debug\moc_Label.cpp">
      <Filter>Generated Files\Debug</Filter>
    </ClCompile>
    <ClCompile Include="Release\moc_Label.cpp">
      <Filter>Generated Files\Release</Filter>
    </ClCompile>
    <ClCompile Include="Debug\moc_LineEdit.cpp">
      <Filter>Generated Files\Debug</Filter>
    </ClCompile>
    <ClCompile Include="Release\moc_LineEdit.cpp">
      <Filter>Generated Files\Release</Filter>
    </ClCompile>
    <ClCompile Include="Debug\moc_abstractinstrument.cpp">
      <Filter>Generated Files\Debug</Filter>
    </ClCompile>
    <ClCompile Include="Release\moc_abstractinstrument.cpp">
      <Filter>Generated Files\Release</Filter>
    </ClCompile>
    <ClCompile Include="Debug\moc_codeeditdlg.cpp">
      <Filter>Generated Files\Debug</Filter>
    </ClCompile>
    <ClCompile Include="Release\moc_codeeditdlg.cpp">
      <Filter>Generated Files\Release</Filter>
    </ClCompile>
    <ClCompile Include="Debug\moc_curvelineinstrument.cpp">
      <Filter>Generated Files\Debug</Filter>
    </ClCompile>
    <ClCompile Include="Release\moc_curvelineinstrument.cpp">
      <Filter>Generated Files\Release</Filter>
    </ClCompile>
    <ClCompile Include="Debug\moc_drawareawidget.cpp">
      <Filter>Generated Files\Debug</Filter>
    </ClCompile>
    <ClCompile Include="Release\moc_drawareawidget.cpp">
      <Filter>Generated Files\Release</Filter>
    </ClCompile>
    <ClCompile Include="Debug\moc_edittextdialog.cpp">
      <Filter>Generated Files\Debug</Filter>
    </ClCompile>
    <ClCompile Include="Release\moc_edittextdialog.cpp">
      <Filter>Generated Files\Release</Filter>
    </ClCompile>
    <ClCompile Include="Debug\moc_gettextdialog.cpp">
      <Filter>Generated Files\Debug</Filter>
    </ClCompile>
    <ClCompile Include="Release\moc_gettextdialog.cpp">
      <Filter>Generated Files\Release</Filter>
    </ClCompile>
    <ClCompile Include="Debug\moc_hlineedit.cpp">
      <Filter>Generated Files\Debug</Filter>
    </ClCompile>
    <ClCompile Include="Release\moc_hlineedit.cpp">
      <Filter>Generated Files\Release</Filter>
    </ClCompile>
    <ClCompile Include="Debug\moc_mainwindow.cpp">
      <Filter>Generated Files\Debug</Filter>
    </ClCompile>
    <ClCompile Include="Release\moc_mainwindow.cpp">
      <Filter>Generated Files\Release</Filter>
    </ClCompile>
    <ClCompile Include="Debug\moc_mywidget.cpp">
      <Filter>Generated Files\Debug</Filter>
    </ClCompile>
    <ClCompile Include="Release\moc_mywidget.cpp">
      <Filter>Generated Files\Release</Filter>
    </ClCompile>
    <ClCompile Include="Debug\moc_rotatewidget.cpp">
      <Filter>Generated Files\Debug</Filter>
    </ClCompile>
    <ClCompile Include="Release\moc_rotatewidget.cpp">
      <Filter>Generated Files\Release</Filter>
    </ClCompile>
    <ClCompile Include="Debug\moc_ruler.cpp">
      <Filter>Generated Files\Debug</Filter>
    </ClCompile>
    <ClCompile Include="Release\moc_ruler.cpp">
      <Filter>Generated Files\Release</Filter>
    </ClCompile>
    <ClCompile Include="Debug\moc_scroll.cpp">
      <Filter>Generated Files\Debug</Filter>
    </ClCompile>
    <ClCompile Include="Release\moc_scroll.cpp">
      <Filter>Generated Files\Release</Filter>
    </ClCompile>
    <ClCompile Include="Debug\moc_tabwidget.cpp">
      <Filter>Generated Files\Debug</Filter>
    </ClCompile>
    <ClCompile Include="Release\moc_tabwidget.cpp">
      <Filter>Generated Files\Release</Filter>
    </ClCompile>
    <ClCompile Include="GeneratedFiles\qrc_res.cpp">
      <Filter>Generated Files</Filter>
    </ClCompile>
  </ItemGroup>
  <ItemGroup>
    <CustomBuild Include="Label.h">
      <Filter>Header Files</Filter>
    </CustomBuild>
    <CustomBuild Include="LineEdit.h">
      <Filter>Header Files</Filter>
    </CustomBuild>
    <ClInclude Include="abstractaction.h">
      <Filter>Header Files</Filter>
    </ClInclude>
    <CustomBuild Include="abstractinstrument.h">
      <Filter>Header Files</Filter>
    </CustomBuild>
    <ClInclude Include="abstractshape.h">
      <Filter>Header Files</Filter>
    </ClInclude>
    <ClInclude Include="addaction.h">
      <Filter>Header Files</Filter>
    </ClInclude>
    <ClInclude Include="bottomaction.h">
      <Filter>Header Files</Filter>
    </ClInclude>
    <ClInclude Include="circle.h">
      <Filter>Header Files</Filter>
    </ClInclude>
    <ClInclude Include="closecurve.h">
      <Filter>Header Files</Filter>
    </ClInclude>
    <CustomBuild Include="codeeditdlg.h">
      <Filter>Header Files</Filter>
    </CustomBuild>
    <ClInclude Include="combineaction.h">
      <Filter>Header Files</Filter>
    </ClInclude>
    <ClInclude Include="combo.h">
      <Filter>Header Files</Filter>
    </ClInclude>
    <ClInclude Include="curve.h">
      <Filter>Header Files</Filter>
    </ClInclude>
    <CustomBuild Include="curvelineinstrument.h">
      <Filter>Header Files</Filter>
    </CustomBuild>
    <ClInclude Include="deleteaction.h">
      <Filter>Header Files</Filter>
    </ClInclude>
    <ClInclude Include="divideaction.h">
      <Filter>Header Files</Filter>
    </ClInclude>
    <CustomBuild Include="drawareawidget.h">
      <Filter>Header Files</Filter>
    </CustomBuild>
    <ClInclude Include="editaction.h">
      <Filter>Header Files</Filter>
    </ClInclude>
    <CustomBuild Include="edittextdialog.h">
      <Filter>Header Files</Filter>
    </CustomBuild>
    <ClInclude Include="ellipse.h">
      <Filter>Header Files</Filter>
    </ClInclude>
    <ClInclude Include="facetool.h">
      <Filter>Header Files</Filter>
    </ClInclude>
    <ClInclude Include="generalshape.h">
      <Filter>Header Files</Filter>
    </ClInclude>
    <CustomBuild Include="gettextdialog.h">
      <Filter>Header Files</Filter>
    </CustomBuild>
    <CustomBuild Include="hlineedit.h">
      <Filter>Header Files</Filter>
    </CustomBuild>
    <CustomBuild Include="mainwindow.h">
      <Filter>Header Files</Filter>
    </CustomBuild>
    <ClInclude Include="mycolordialog.h">
      <Filter>Header Files</Filter>
    </ClInclude>
    <ClInclude Include="myfontdialog.h">
      <Filter>Header Files</Filter>
    </ClInclude>
    <ClInclude Include="mymath.h">
      <Filter>Header Files</Filter>
    </ClInclude>
    <CustomBuild Include="mywidget.h">
      <Filter>Header Files</Filter>
    </CustomBuild>
    <ClInclude Include="polygon.h">
      <Filter>Header Files</Filter>
    </ClInclude>
    <ClInclude Include="polyline.h">
      <Filter>Header Files</Filter>
    </ClInclude>
    <ClInclude Include="rect.h">
      <Filter>Header Files</Filter>
    </ClInclude>
    <CustomBuild Include="rotatewidget.h">
      <Filter>Header Files</Filter>
    </CustomBuild>
    <CustomBuild Include="ruler.h">
      <Filter>Header Files</Filter>
    </CustomBuild>
    <CustomBuild Include="scroll.h">
      <Filter>Header Files</Filter>
    </CustomBuild>
    <ClInclude Include="setbrushaction.h">
      <Filter>Header Files</Filter>
    </ClInclude>
    <ClInclude Include="setpenaction.h">
      <Filter>Header Files</Filter>
    </ClInclude>
    <ClInclude Include="slightmoveaction.h">
      <Filter>Header Files</Filter>
    </ClInclude>
    <CustomBuild Include="stable.h">
      <Filter>Header Files</Filter>
    </CustomBuild>
    <CustomBuild Include="tabwidget.h">
      <Filter>Header Files</Filter>
    </CustomBuild>
    <ClInclude Include="text.h">
      <Filter>Header Files</Filter>
    </ClInclude>
    <ClInclude Include="texteditaction.h">
      <Filter>Header Files</Filter>
    </ClInclude>
    <ClInclude Include="tool.h">
      <Filter>Header Files</Filter>
    </ClInclude>
    <ClInclude Include="topaction.h">
      <Filter>Header Files</Filter>
    </ClInclude>
  </ItemGroup>
  <ItemGroup>
    <ClCompile Include="stable.h.cpp">
      <Filter>Generated Files</Filter>
    </ClCompile>
  </ItemGroup>
  <ItemGroup>
    <None Include="draw_zh_cn.ts">
      <Filter>Translation Files</Filter>
    </None>
  </ItemGroup>
  <ItemGroup>
    <CustomBuild Include="mainwindow.ui">
      <Filter>Form Files</Filter>
    </CustomBuild>
  </ItemGroup>
  <ItemGroup>
    <None Include="(1).png">
      <Filter>Resource Files</Filter>
    </None>
    <None Include="(2).png">
      <Filter>Resource Files</Filter>
    </None>
    <None Include="image\8.png">
      <Filter>Resource Files</Filter>
    </None>
    <None Include="image\Editing-Ellipse-icon.png">
      <Filter>Resource Files</Filter>
    </None>
    <None Include="image\Editing-Rectangle-icon.png">
      <Filter>Resource Files</Filter>
    </None>
    <None Include="image\Maps-Polygon-icon.png">
      <Filter>Resource Files</Filter>
    </None>
    <None Include="image\Maps-Polyline-icon.png">
      <Filter>Resource Files</Filter>
    </None>
    <None Include="image\Pen.ico">
      <Filter>Resource Files</Filter>
    </None>
    <None Include="image\applixware.png">
      <Filter>Resource Files</Filter>
    </None>
    <None Include="image\arc.png">
      <Filter>Resource Files</Filter>
    </None>
    <None Include="image\arrow.png">
      <Filter>Resource Files</Filter>
    </None>
    <None Include="image\arrowup.PNG">
      <Filter>Resource Files</Filter>
    </None>
    <None Include="image\asave.png">
      <Filter>Resource Files</Filter>
    </None>
    <None Include="image\blue-plus-sign-md.png">
      <Filter>Resource Files</Filter>
    </None>
    <None Include="image\check-circle-outline-blank-128">
      <Filter>Resource Files</Filter>
    </None>
    <None Include="image\circle.PNG">
      <Filter>Resource Files</Filter>
    </None>
    <None Include="image\clear.png">
      <Filter>Resource Files</Filter>
    </None>
    <None Include="image\copy.png">
      <Filter>Resource Files</Filter>
    </None>
    <None Include="image\cut.png">
      <Filter>Resource Files</Filter>
    </None>
    <None Include="image\down.png">
      <Filter>Resource Files</Filter>
    </None>
    <None Include="draw_zh_cn.qm">
      <Filter>Resource Files</Filter>
    </None>
    <None Include="image\edit-set-9-512.png">
      <Filter>Resource Files</Filter>
    </None>
    <None Include="image\editor.png">
      <Filter>Resource Files</Filter>
    </None>
    <None Include="image\ellipse.png">
      <Filter>Resource Files</Filter>
    </None>
    <None Include="image\find.png">
      <Filter>Resource Files</Filter>
    </None>
    <None Include="image\group.gif">
      <Filter>Resource Files</Filter>
    </None>
    <None Include="image\hand-ol-512.png">
      <Filter>Resource Files</Filter>
    </None>
    <None Include="image\line.png">
      <Filter>Resource Files</Filter>
    </None>
    <None Include="image\new.png">
      <Filter>Resource Files</Filter>
    </None>
    <None Include="image\open.png">
      <Filter>Resource Files</Filter>
    </None>
    <None Include="image\pallet.png">
      <Filter>Resource Files</Filter>
    </None>
    <None Include="image\pallete.png">
      <Filter>Resource Files</Filter>
    </None>
    <None Include="image\paste.png">
      <Filter>Resource Files</Filter>
    </None>
    <None Include="image\pencapstyle.png">
      <Filter>Resource Files</Filter>
    </None>
    <None Include="image\pic1.png">
      <Filter>Resource Files</Filter>
    </None>
    <None Include="image\pic1">
      <Filter>Resource Files</Filter>
    </None>
    <None Include="image\pic2.png">
      <Filter>Resource Files</Filter>
    </None>
    <None Include="image\pointer.png">
      <Filter>Resource Files</Filter>
    </None>
    <None Include="image\polygon.png">
      <Filter>Resource Files</Filter>
    </None>
    <None Include="image\polyline.png">
      <Filter>Resource Files</Filter>
    </None>
    <None Include="image\print-preview-icon-54533.png">
      <Filter>Resource Files</Filter>
    </None>
    <None Include="image\print.png">
      <Filter>Resource Files</Filter>
    </None>
    <None Include="image\print">
      <Filter>Resource Files</Filter>
    </None>
    <None Include="image\qux.png">
      <Filter>Resource Files</Filter>
    </None>
    <None Include="image\quxian.png">
      <Filter>Resource Files</Filter>
    </None>
    <None Include="image\rdrect.png">
      <Filter>Resource Files</Filter>
    </None>
    <None Include="image\rect.png">
      <Filter>Resource Files</Filter>
    </None>
    <None Include="image\rectangle.png">
      <Filter>Resource Files</Filter>
    </None>
    <None Include="image\redo.png">
      <Filter>Resource Files</Filter>
    </None>
    <CustomBuild Include="res.qrc">
      <Filter>Resource Files</Filter>
    </CustomBuild>
    <None Include="image\sanjiaox.png">
      <Filter>Resource Files</Filter>
    </None>
    <None Include="image\save.png">
      <Filter>Resource Files</Filter>
    </None>
    <None Include="image\save_all_download-512.png">
      <Filter>Resource Files</Filter>
    </None>
    <None Include="image\sc_group.png">
      <Filter>Resource Files</Filter>
    </None>
    <None Include="image\sc_ungroup.png">
      <Filter>Resource Files</Filter>
    </None>
    <None Include="image\sc_ungroup">
      <Filter>Resource Files</Filter>
    </None>
    <None Include="image\search.png">
      <Filter>Resource Files</Filter>
    </None>
    <None Include="image\select.png">
      <Filter>Resource Files</Filter>
    </None>
    <None Include="image\text.png">
      <Filter>Resource Files</Filter>
    </None>
    <None Include="image\th.png">
      <Filter>Resource Files</Filter>
    </None>
    <None Include="image\undo.png">
      <Filter>Resource Files</Filter>
    </None>
    <None Include="image\ungroup.gif">
      <Filter>Resource Files</Filter>
    </None>
    <None Include="image\up.png">
      <Filter>Resource Files</Filter>
    </None>
    <None Include="image\xuanze.png">
      <Filter>Resource Files</Filter>
    </None>
    <None Include="image\zoomin.png">
      <Filter>Resource Files</Filter>
    </None>
    <None Include="image\zoomone.png">
      <Filter>Resource Files</Filter>
    </None>
    <None Include="image\zoomout.png">
      <Filter>Resource Files</Filter>
    </None>
  </ItemGroup>
  <ItemGroup>
    <None Include="log.txt">
      <Filter>Distribution Files</Filter>
    </None>
  </ItemGroup>
  <ItemGroup>
    <ClInclude Include="GeneratedFiles\ui_mainwindow.h">
      <Filter>Generated Files</Filter>
    </ClInclude>
  </ItemGroup>
  <ItemGroup>
    <Image Include="image\print (2).png">
      <Filter>Resource Files</Filter>
    </Image>
    <Image Include="image\check-circle-outline-blank-128 (1).png">
      <Filter>Resource Files</Filter>
    </Image>
    <Image Include="image\sc_ungroup (2).png">
      <Filter>Resource Files</Filter>
    </Image>
    <Image Include="image\pic1 (2).png">
      <Filter>Resource Files</Filter>
    </Image>
  </ItemGroup>
</Project>